
Microsoft Visual Studio Solution File, Format Version 10.00
# Visual Studio 2008
Project("{8BC9CEB8-8B4A-11D0-8D11-00A0C91BC942}") = "ExeMgr", "ExeMgr\ExeMgr.vcproj", "{E6BC7DB4-E373-4FC9-B027-E01F58E6F379}"
EndProject
Global
	GlobalSection(SolutionConfigurationPlatforms) = preSolution
		Debug|Win32 = Debug|Win32
		Release|Win32 = Release|Win32
	EndGlobalSection
	GlobalSection(ProjectConfigurationPlatforms) = postSolution
		{E6BC7DB4-E373-4FC9-B027-E01F58E6F379}.Debug|Win32.ActiveCfg = Debug|Win32
		{E6BC7DB4-E373-4FC9-B027-E01F58E6F379}.Debug|Win32.Build.0 = Debug|Win32
		{E6BC7DB4-E373-4FC9-B027-E01F58E6F379}.Release|Win32.ActiveCfg = Release|Win32
		{E6BC7DB4-E373-4FC9-B027-E01F58E6F379}.Release|Win32.Build.0 = Release|Win32
	EndGlobalSection
	GlobalSection(SolutionProperties) = preSolution
		HideSolutionNode = FALSE
	EndGlobalSection
EndGlobal
